
Microsoft Visual Studio Solution File, Format Version 12.00
# Visual Studio Version 17
VisualStudioVersion = 17.5.002.0
MinimumVisualStudioVersion = 10.0.40219.1
Project("{9A19103F-16F7-4668-BE54-9A1E7A4F7556}") = "03-Calculando a Folha de Pagamento", "03-Calculando a Folha de Pagamento.csproj", "{8774D8D1-B0F8-4CD6-A9CB-6027918CFE50}"
EndProject
Global
	GlobalSection(SolutionConfigurationPlatforms) = preSolution
		Debug|Any CPU = Debug|Any CPU
		Release|Any CPU = Release|Any CPU
	EndGlobalSection
	GlobalSection(ProjectConfigurationPlatforms) = postSolution
		{8774D8D1-B0F8-4CD6-A9CB-6027918CFE50}.Debug|Any CPU.ActiveCfg = Debug|Any CPU
		{8774D8D1-B0F8-4CD6-A9CB-6027918CFE50}.Debug|Any CPU.Build.0 = Debug|Any CPU
		{8774D8D1-B0F8-4CD6-A9CB-6027918CFE50}.Release|Any CPU.ActiveCfg = Release|Any CPU
		{8774D8D1-B0F8-4CD6-A9CB-6027918CFE50}.Release|Any CPU.Build.0 = Release|Any CPU
	EndGlobalSection
	GlobalSection(SolutionProperties) = preSolution
		HideSolutionNode = FALSE
	EndGlobalSection
	GlobalSection(ExtensibilityGlobals) = postSolution
		SolutionGuid = {E2D20BA8-076B-4AF3-9041-301548AA02B2}
	EndGlobalSection
EndGlobal
